
Microsoft Visual Studio Solution File, Format Version 12.00
# Visual Studio Version 16
VisualStudioVersion = 25.0.1700.0
MinimumVisualStudioVersion = 10.0.40219.1
Project("{FAE04EC0-301F-11D3-BF4B-00C04F79EFBC}") = "AdvancedCFinalProject", "AdvancedCFinalProject\AdvancedCFinalProject.csproj", "{769A8FD6-816D-479F-9B53-82E429C1594A}"
EndProject
Global
	GlobalSection(SolutionConfigurationPlatforms) = preSolution
		Debug|Any CPU = Debug|Any CPU
		Release|Any CPU = Release|Any CPU
	EndGlobalSection
	GlobalSection(ProjectConfigurationPlatforms) = postSolution
		{769A8FD6-816D-479F-9B53-82E429C1594A}.Debug|Any CPU.ActiveCfg = Debug|Any CPU
		{769A8FD6-816D-479F-9B53-82E429C1594A}.Debug|Any CPU.Build.0 = Debug|Any CPU
		{769A8FD6-816D-479F-9B53-82E429C1594A}.Release|Any CPU.ActiveCfg = Release|Any CPU
		{769A8FD6-816D-479F-9B53-82E429C1594A}.Release|Any CPU.Build.0 = Release|Any CPU
	EndGlobalSection
	GlobalSection(SolutionProperties) = preSolution
		HideSolutionNode = FALSE
	EndGlobalSection
	GlobalSection(ExtensibilityGlobals) = postSolution
		SolutionGuid = {2B8105CE-D1EF-4189-A95A-8916835982B5}
	EndGlobalSection
EndGlobal
